
Microsoft Visual Studio Solution File, Format Version 12.00
# Visual Studio 15
Project("{FAE04EC0-301F-11D3-BF4B-00C04F79EFBC}") = "Assembly-CSharp", "Assembly-CSharp.csproj", "{68B7F7B5-82AA-1034-70C5-C9741E4D7AF1}"
EndProject
Project("{FAE04EC0-301F-11D3-BF4B-00C04F79EFBC}") = "Assembly-CSharp-Editor", "Assembly-CSharp-Editor.csproj", "{A9C5E3B0-22D2-7A16-97CF-9C85CCAE7864}"
EndProject
Global
	GlobalSection(SolutionConfigurationPlatforms) = preSolution
		Debug|Any CPU = Debug|Any CPU
		Release|Any CPU = Release|Any CPU
	EndGlobalSection
	GlobalSection(ProjectConfigurationPlatforms) = postSolution
		{68B7F7B5-82AA-1034-70C5-C9741E4D7AF1}.Debug|Any CPU.ActiveCfg = Debug|Any CPU
		{68B7F7B5-82AA-1034-70C5-C9741E4D7AF1}.Debug|Any CPU.Build.0 = Debug|Any CPU
		{68B7F7B5-82AA-1034-70C5-C9741E4D7AF1}.Release|Any CPU.ActiveCfg = Release|Any CPU
		{68B7F7B5-82AA-1034-70C5-C9741E4D7AF1}.Release|Any CPU.Build.0 = Release|Any CPU
		{A9C5E3B0-22D2-7A16-97CF-9C85CCAE7864}.Debug|Any CPU.ActiveCfg = Debug|Any CPU
		{A9C5E3B0-22D2-7A16-97CF-9C85CCAE7864}.Debug|Any CPU.Build.0 = Debug|Any CPU
		{A9C5E3B0-22D2-7A16-97CF-9C85CCAE7864}.Release|Any CPU.ActiveCfg = Release|Any CPU
		{A9C5E3B0-22D2-7A16-97CF-9C85CCAE7864}.Release|Any CPU.Build.0 = Release|Any CPU
	EndGlobalSection
	GlobalSection(SolutionProperties) = preSolution
		HideSolutionNode = FALSE
	EndGlobalSection
EndGlobal
